
Microsoft Visual Studio Solution File, Format Version 12.00
# Visual Studio Version 16
VisualStudioVersion = 16.0.30523.141
MinimumVisualStudioVersion = 10.0.40219.1
Project("{FAE04EC0-301F-11D3-BF4B-00C04F79EFBC}") = "Week10DemoAngularJSCRUD", "Week10DemoAngularJSCRUD\Week10DemoAngularJSCRUD.csproj", "{263128CA-112F-452F-BEE6-5F5D6B357CFF}"
EndProject
Global
	GlobalSection(SolutionConfigurationPlatforms) = preSolution
		Debug|Any CPU = Debug|Any CPU
		Release|Any CPU = Release|Any CPU
	EndGlobalSection
	GlobalSection(ProjectConfigurationPlatforms) = postSolution
		{263128CA-112F-452F-BEE6-5F5D6B357CFF}.Debug|Any CPU.ActiveCfg = Debug|Any CPU
		{263128CA-112F-452F-BEE6-5F5D6B357CFF}.Debug|Any CPU.Build.0 = Debug|Any CPU
		{263128CA-112F-452F-BEE6-5F5D6B357CFF}.Release|Any CPU.ActiveCfg = Release|Any CPU
		{263128CA-112F-452F-BEE6-5F5D6B357CFF}.Release|Any CPU.Build.0 = Release|Any CPU
	EndGlobalSection
	GlobalSection(SolutionProperties) = preSolution
		HideSolutionNode = FALSE
	EndGlobalSection
	GlobalSection(ExtensibilityGlobals) = postSolution
		SolutionGuid = {B72E6105-BEFC-4EA9-B952-9E10E441EB55}
	EndGlobalSection
EndGlobal
