
Microsoft Visual Studio Solution File, Format Version 12.00
# Visual Studio Version 16
VisualStudioVersion = 16.0.30320.27
MinimumVisualStudioVersion = 10.0.40219.1
Project("{FAE04EC0-301F-11D3-BF4B-00C04F79EFBC}") = "FIT5032_W04_CodeFirst", "FIT5032_W04_CodeFirst.csproj", "{9ABF742E-97BC-4C6F-BAFE-6A23F1296440}"
EndProject
Global
	GlobalSection(SolutionConfigurationPlatforms) = preSolution
		Debug|Any CPU = Debug|Any CPU
		Release|Any CPU = Release|Any CPU
	EndGlobalSection
	GlobalSection(ProjectConfigurationPlatforms) = postSolution
		{9ABF742E-97BC-4C6F-BAFE-6A23F1296440}.Debug|Any CPU.ActiveCfg = Debug|Any CPU
		{9ABF742E-97BC-4C6F-BAFE-6A23F1296440}.Debug|Any CPU.Build.0 = Debug|Any CPU
		{9ABF742E-97BC-4C6F-BAFE-6A23F1296440}.Release|Any CPU.ActiveCfg = Release|Any CPU
		{9ABF742E-97BC-4C6F-BAFE-6A23F1296440}.Release|Any CPU.Build.0 = Release|Any CPU
	EndGlobalSection
	GlobalSection(SolutionProperties) = preSolution
		HideSolutionNode = FALSE
	EndGlobalSection
	GlobalSection(ExtensibilityGlobals) = postSolution
		SolutionGuid = {01E1A057-D12C-49F6-B131-A1EE4D410980}
	EndGlobalSection
EndGlobal
